
Microsoft Visual Studio Solution File, Format Version 12.00
# Visual Studio Version 17
VisualStudioVersion = 17.9.34622.214
MinimumVisualStudioVersion = 10.0.40219.1
Project("{FAE04EC0-301F-11D3-BF4B-00C04F79EFBC}") = "CosmosExampleAPI", "CosmosExampleAPI\CosmosExampleAPI.csproj", "{D1841D41-D409-4116-B8B0-90D6ED69797D}"
EndProject
Global
	GlobalSection(SolutionConfigurationPlatforms) = preSolution
		Debug|Any CPU = Debug|Any CPU
		Release|Any CPU = Release|Any CPU
	EndGlobalSection
	GlobalSection(ProjectConfigurationPlatforms) = postSolution
		{D1841D41-D409-4116-B8B0-90D6ED69797D}.Debug|Any CPU.ActiveCfg = Debug|Any CPU
		{D1841D41-D409-4116-B8B0-90D6ED69797D}.Debug|Any CPU.Build.0 = Debug|Any CPU
		{D1841D41-D409-4116-B8B0-90D6ED69797D}.Release|Any CPU.ActiveCfg = Release|Any CPU
		{D1841D41-D409-4116-B8B0-90D6ED69797D}.Release|Any CPU.Build.0 = Release|Any CPU
	EndGlobalSection
	GlobalSection(SolutionProperties) = preSolution
		HideSolutionNode = FALSE
	EndGlobalSection
	GlobalSection(ExtensibilityGlobals) = postSolution
		SolutionGuid = {3D2FD956-5FBA-4205-A691-F0C46C00F683}
	EndGlobalSection
EndGlobal
